// !$*UTF8*$!
{
	archiveVersion = 1;
	classes = {
	};
	objectVersion = 50;
	objects = {

/* Begin PBXBuildFile section */
		A75A2EC3220FBBEB00633A4E /* AppDelegate.swift in Sources */ = {isa = PBXBuildFile; fileRef = A75A2EC2220FBBEB00633A4E /* AppDelegate.swift */; };
		A75A2EC7220FBBED00633A4E /* Assets.xcassets in Resources */ = {isa = PBXBuildFile; fileRef = A75A2EC6220FBBED00633A4E /* Assets.xcassets */; };
		A75A2ECA220FBBED00633A4E /* Main.storyboard in Resources */ = {isa = PBXBuildFile; fileRef = A75A2EC8220FBBED00633A4E /* Main.storyboard */; };
		A75A2ED6220FBBED00633A4E /* MadoTests.swift in Sources */ = {isa = PBXBuildFile; fileRef = A75A2ED5220FBBED00633A4E /* MadoTests.swift */; };
		A75A2EE1220FBBED00633A4E /* MadoUITests.swift in Sources */ = {isa = PBXBuildFile; fileRef = A75A2EE0220FBBED00633A4E /* MadoUITests.swift */; };
		A75A2EEF2210711A00633A4E /* HotKey.framework in Frameworks */ = {isa = PBXBuildFile; fileRef = A75A2EEE2210711A00633A4E /* HotKey.framework */; };
		A75A2EF02210711A00633A4E /* HotKey.framework in Embed Frameworks */ = {isa = PBXBuildFile; fileRef = A75A2EEE2210711A00633A4E /* HotKey.framework */; settings = {ATTRIBUTES = (CodeSignOnCopy, RemoveHeadersOnCopy, ); }; };
		A75A2EF92210732000633A4E /* HotKey.framework.dSYM in CopyFiles */ = {isa = PBXBuildFile; fileRef = A75A2EF82210732000633A4E /* HotKey.framework.dSYM */; };
		A75A2EFB2210961600633A4E /* README.md in Resources */ = {isa = PBXBuildFile; fileRef = A75A2EFA2210961600633A4E /* README.md */; };
/* End PBXBuildFile section */

/* Begin PBXContainerItemProxy section */
		A75A2ED2220FBBED00633A4E /* PBXContainerItemProxy */ = {
			isa = PBXContainerItemProxy;
			containerPortal = A75A2EB7220FBBEB00633A4E /* Project object */;
			proxyType = 1;
			remoteGlobalIDString = A75A2EBE220FBBEB00633A4E;
			remoteInfo = Mado;
		};
		A75A2EDD220FBBED00633A4E /* PBXContainerItemProxy */ = {
			isa = PBXContainerItemProxy;
			containerPortal = A75A2EB7220FBBEB00633A4E /* Project object */;
			proxyType = 1;
			remoteGlobalIDString = A75A2EBE220FBBEB00633A4E;
			remoteInfo = Mado;
		};
/* End PBXContainerItemProxy section */

/* Begin PBXCopyFilesBuildPhase section */
		A75A2EF12210711A00633A4E /* Embed Frameworks */ = {
			isa = PBXCopyFilesBuildPhase;
			buildActionMask = 2147483647;
			dstPath = "";
			dstSubfolderSpec = 10;
			files = (
				A75A2EF02210711A00633A4E /* HotKey.framework in Embed Frameworks */,
			);
			name = "Embed Frameworks";
			runOnlyForDeploymentPostprocessing = 0;
		};
		A75A2EF7221072ED00633A4E /* CopyFiles */ = {
			isa = PBXCopyFilesBuildPhase;
			buildActionMask = 2147483647;
			dstPath = "";
			dstSubfolderSpec = 16;
			files = (
				A75A2EF92210732000633A4E /* HotKey.framework.dSYM in CopyFiles */,
			);
			runOnlyForDeploymentPostprocessing = 0;
		};
/* End PBXCopyFilesBuildPhase section */

/* Begin PBXFileReference section */
		A75A2EBF220FBBEB00633A4E /* Mado.app */ = {isa = PBXFileReference; explicitFileType = wrapper.application; includeInIndex = 0; path = Mado.app; sourceTree = BUILT_PRODUCTS_DIR; };
		A75A2EC2220FBBEB00633A4E /* AppDelegate.swift */ = {isa = PBXFileReference; lastKnownFileType = sourcecode.swift; path = AppDelegate.swift; sourceTree = "<group>"; };
		A75A2EC6220FBBED00633A4E /* Assets.xcassets */ = {isa = PBXFileReference; lastKnownFileType = folder.assetcatalog; path = Assets.xcassets; sourceTree = "<group>"; };
		A75A2EC9220FBBED00633A4E /* Base */ = {isa = PBXFileReference; lastKnownFileType = file.storyboard; name = Base; path = Base.lproj/Main.storyboard; sourceTree = "<group>"; };
		A75A2ECB220FBBED00633A4E /* Info.plist */ = {isa = PBXFileReference; lastKnownFileType = text.plist.xml; path = Info.plist; sourceTree = "<group>"; };
		A75A2ECC220FBBED00633A4E /* Mado.entitlements */ = {isa = PBXFileReference; lastKnownFileType = text.plist.entitlements; path = Mado.entitlements; sourceTree = "<group>"; };
		A75A2ED1220FBBED00633A4E /* MadoTests.xctest */ = {isa = PBXFileReference; explicitFileType = wrapper.cfbundle; includeInIndex = 0; path = MadoTests.xctest; sourceTree = BUILT_PRODUCTS_DIR; };
		A75A2ED5220FBBED00633A4E /* MadoTests.swift */ = {isa = PBXFileReference; lastKnownFileType = sourcecode.swift; path = MadoTests.swift; sourceTree = "<group>"; };
		A75A2ED7220FBBED00633A4E /* Info.plist */ = {isa = PBXFileReference; lastKnownFileType = text.plist.xml; path = Info.plist; sourceTree = "<group>"; };
		A75A2EDC220FBBED00633A4E /* MadoUITests.xctest */ = {isa = PBXFileReference; explicitFileType = wrapper.cfbundle; includeInIndex = 0; path = MadoUITests.xctest; sourceTree = BUILT_PRODUCTS_DIR; };
		A75A2EE0220FBBED00633A4E /* MadoUITests.swift */ = {isa = PBXFileReference; lastKnownFileType = sourcecode.swift; path = MadoUITests.swift; sourceTree = "<group>"; };
		A75A2EE2220FBBED00633A4E /* Info.plist */ = {isa = PBXFileReference; lastKnownFileType = text.plist.xml; path = Info.plist; sourceTree = "<group>"; };
		A75A2EEE2210711A00633A4E /* HotKey.framework */ = {isa = PBXFileReference; lastKnownFileType = wrapper.framework; name = HotKey.framework; path = Carthage/Build/Mac/HotKey.framework; sourceTree = "<group>"; };
		A75A2EF82210732000633A4E /* HotKey.framework.dSYM */ = {isa = PBXFileReference; lastKnownFileType = wrapper.dsym; name = HotKey.framework.dSYM; path = Carthage/Build/Mac/HotKey.framework.dSYM; sourceTree = "<group>"; };
		A75A2EFA2210961600633A4E /* README.md */ = {isa = PBXFileReference; lastKnownFileType = net.daringfireball.markdown; path = README.md; sourceTree = "<group>"; };
/* End PBXFileReference section */

/* Begin PBXFrameworksBuildPhase section */
		A75A2EBC220FBBEB00633A4E /* Frameworks */ = {
			isa = PBXFrameworksBuildPhase;
			buildActionMask = 2147483647;
			files = (
				A75A2EEF2210711A00633A4E /* HotKey.framework in Frameworks */,
			);
			runOnlyForDeploymentPostprocessing = 0;
		};
		A75A2ECE220FBBED00633A4E /* Frameworks */ = {
			isa = PBXFrameworksBuildPhase;
			buildActionMask = 2147483647;
			files = (
			);
			runOnlyForDeploymentPostprocessing = 0;
		};
		A75A2ED9220FBBED00633A4E /* Frameworks */ = {
			isa = PBXFrameworksBuildPhase;
			buildActionMask = 2147483647;
			files = (
			);
			runOnlyForDeploymentPostprocessing = 0;
		};
/* End PBXFrameworksBuildPhase section */

/* Begin PBXGroup section */
		A75A2EB6220FBBEB00633A4E = {
			isa = PBXGroup;
			children = (
				A75A2EFA2210961600633A4E /* README.md */,
				A75A2EF82210732000633A4E /* HotKey.framework.dSYM */,
				A75A2EEE2210711A00633A4E /* HotKey.framework */,
				A75A2EC1220FBBEB00633A4E /* Mado */,
				A75A2ED4220FBBED00633A4E /* MadoTests */,
				A75A2EDF220FBBED00633A4E /* MadoUITests */,
				A75A2EC0220FBBEB00633A4E /* Products */,
			);
			sourceTree = "<group>";
		};
		A75A2EC0220FBBEB00633A4E /* Products */ = {
			isa = PBXGroup;
			children = (
				A75A2EBF220FBBEB00633A4E /* Mado.app */,
				A75A2ED1220FBBED00633A4E /* MadoTests.xctest */,
				A75A2EDC220FBBED00633A4E /* MadoUITests.xctest */,
			);
			name = Products;
			sourceTree = "<group>";
		};
		A75A2EC1220FBBEB00633A4E /* Mado */ = {
			isa = PBXGroup;
			children = (
				A75A2EC2220FBBEB00633A4E /* AppDelegate.swift */,
				A75A2EC6220FBBED00633A4E /* Assets.xcassets */,
				A75A2EC8220FBBED00633A4E /* Main.storyboard */,
				A75A2ECB220FBBED00633A4E /* Info.plist */,
				A75A2ECC220FBBED00633A4E /* Mado.entitlements */,
			);
			path = Mado;
			sourceTree = "<group>";
		};
		A75A2ED4220FBBED00633A4E /* MadoTests */ = {
			isa = PBXGroup;
			children = (
				A75A2ED5220FBBED00633A4E /* MadoTests.swift */,
				A75A2ED7220FBBED00633A4E /* Info.plist */,
			);
			path = MadoTests;
			sourceTree = "<group>";
		};
		A75A2EDF220FBBED00633A4E /* MadoUITests */ = {
			isa = PBXGroup;
			children = (
				A75A2EE0220FBBED00633A4E /* MadoUITests.swift */,
				A75A2EE2220FBBED00633A4E /* Info.plist */,
			);
			path = MadoUITests;
			sourceTree = "<group>";
		};
/* End PBXGroup section */

/* Begin PBXNativeTarget section */
		A75A2EBE220FBBEB00633A4E /* Mado */ = {
			isa = PBXNativeTarget;
			buildConfigurationList = A75A2EE5220FBBED00633A4E /* Build configuration list for PBXNativeTarget "Mado" */;
			buildPhases = (
				A75A2EBB220FBBEB00633A4E /* Sources */,
				A75A2EBC220FBBEB00633A4E /* Frameworks */,
				A75A2EBD220FBBEB00633A4E /* Resources */,
				A75A2EF12210711A00633A4E /* Embed Frameworks */,
				A75A2EF7221072ED00633A4E /* CopyFiles */,
			);
			buildRules = (
			);
			dependencies = (
			);
			name = Mado;
			productName = Mado;
			productReference = A75A2EBF220FBBEB00633A4E /* Mado.app */;
			productType = "com.apple.product-type.application";
		};
		A75A2ED0220FBBED00633A4E /* MadoTests */ = {
			isa = PBXNativeTarget;
			buildConfigurationList = A75A2EE8220FBBED00633A4E /* Build configuration list for PBXNativeTarget "MadoTests" */;
			buildPhases = (
				A75A2ECD220FBBED00633A4E /* Sources */,
				A75A2ECE220FBBED00633A4E /* Frameworks */,
				A75A2ECF220FBBED00633A4E /* Resources */,
			);
			buildRules = (
			);
			dependencies = (
				A75A2ED3220FBBED00633A4E /* PBXTargetDependency */,
			);
			name = MadoTests;
			productName = MadoTests;
			productReference = A75A2ED1220FBBED00633A4E /* MadoTests.xctest */;
			productType = "com.apple.product-type.bundle.unit-test";
		};
		A75A2EDB220FBBED00633A4E /* MadoUITests */ = {
			isa = PBXNativeTarget;
			buildConfigurationList = A75A2EEB220FBBED00633A4E /* Build configuration list for PBXNativeTarget "MadoUITests" */;
			buildPhases = (
				A75A2ED8220FBBED00633A4E /* Sources */,
				A75A2ED9220FBBED00633A4E /* Frameworks */,
				A75A2EDA220FBBED00633A4E /* Resources */,
			);
			buildRules = (
			);
			dependencies = (
				A75A2EDE220FBBED00633A4E /* PBXTargetDependency */,
			);
			name = MadoUITests;
			productName = MadoUITests;
			productReference = A75A2EDC220FBBED00633A4E /* MadoUITests.xctest */;
			productType = "com.apple.product-type.bundle.ui-testing";
		};
/* End PBXNativeTarget section */

/* Begin PBXProject section */
		A75A2EB7220FBBEB00633A4E /* Project object */ = {
			isa = PBXProject;
			attributes = {
				LastSwiftUpdateCheck = 1010;
				LastUpgradeCheck = 1010;
				ORGANIZATIONNAME = "Rene Klacan";
				TargetAttributes = {
					A75A2EBE220FBBEB00633A4E = {
						CreatedOnToolsVersion = 10.1;
					};
					A75A2ED0220FBBED00633A4E = {
						CreatedOnToolsVersion = 10.1;
						TestTargetID = A75A2EBE220FBBEB00633A4E;
					};
					A75A2EDB220FBBED00633A4E = {
						CreatedOnToolsVersion = 10.1;
						TestTargetID = A75A2EBE220FBBEB00633A4E;
					};
				};
			};
			buildConfigurationList = A75A2EBA220FBBEB00633A4E /* Build configuration list for PBXProject "Mado" */;
			compatibilityVersion = "Xcode 9.3";
			developmentRegion = en;
			hasScannedForEncodings = 0;
			knownRegions = (
				en,
				Base,
			);
			mainGroup = A75A2EB6220FBBEB00633A4E;
			productRefGroup = A75A2EC0220FBBEB00633A4E /* Products */;
			projectDirPath = "";
			projectRoot = "";
			targets = (
				A75A2EBE220FBBEB00633A4E /* Mado */,
				A75A2ED0220FBBED00633A4E /* MadoTests */,
				A75A2EDB220FBBED00633A4E /* MadoUITests */,
			);
		};
/* End PBXProject section */

/* Begin PBXResourcesBuildPhase section */
		A75A2EBD220FBBEB00633A4E /* Resources */ = {
			isa = PBXResourcesBuildPhase;
			buildActionMask = 2147483647;
			files = (
				A75A2EFB2210961600633A4E /* README.md in Resources */,
				A75A2EC7220FBBED00633A4E /* Assets.xcassets in Resources */,
				A75A2ECA220FBBED00633A4E /* Main.storyboard in Resources */,
			);
			runOnlyForDeploymentPostprocessing = 0;
		};
		A75A2ECF220FBBED00633A4E /* Resources */ = {
			isa = PBXResourcesBuildPhase;
			buildActionMask = 2147483647;
			files = (
			);
			runOnlyForDeploymentPostprocessing = 0;
		};
		A75A2EDA220FBBED00633A4E /* Resources */ = {
			isa = PBXResourcesBuildPhase;
			buildActionMask = 2147483647;
			files = (
			);
			runOnlyForDeploymentPostprocessing = 0;
		};
/* End PBXResourcesBuildPhase section */

/* Begin PBXSourcesBuildPhase section */
		A75A2EBB220FBBEB00633A4E /* Sources */ = {
			isa = PBXSourcesBuildPhase;
			buildActionMask = 2147483647;
			files = (
				A75A2EC3220FBBEB00633A4E /* AppDelegate.swift in Sources */,
			);
			runOnlyForDeploymentPostprocessing = 0;
		};
		A75A2ECD220FBBED00633A4E /* Sources */ = {
			isa = PBXSourcesBuildPhase;
			buildActionMask = 2147483647;
			files = (
				A75A2ED6220FBBED00633A4E /* MadoTests.swift in Sources */,
			);
			runOnlyForDeploymentPostprocessing = 0;
		};
		A75A2ED8220FBBED00633A4E /* Sources */ = {
			isa = PBXSourcesBuildPhase;
			buildActionMask = 2147483647;
			files = (
				A75A2EE1220FBBED00633A4E /* MadoUITests.swift in Sources */,
			);
			runOnlyForDeploymentPostprocessing = 0;
		};
/* End PBXSourcesBuildPhase section */

/* Begin PBXTargetDependency section */
		A75A2ED3220FBBED00633A4E /* PBXTargetDependency */ = {
			isa = PBXTargetDependency;
			target = A75A2EBE220FBBEB00633A4E /* Mado */;
			targetProxy = A75A2ED2220FBBED00633A4E /* PBXContainerItemProxy */;
		};
		A75A2EDE220FBBED00633A4E /* PBXTargetDependency */ = {
			isa = PBXTargetDependency;
			target = A75A2EBE220FBBEB00633A4E /* Mado */;
			targetProxy = A75A2EDD220FBBED00633A4E /* PBXContainerItemProxy */;
		};
/* End PBXTargetDependency section */

/* Begin PBXVariantGroup section */
		A75A2EC8220FBBED00633A4E /* Main.storyboard */ = {
			isa = PBXVariantGroup;
			children = (
				A75A2EC9220FBBED00633A4E /* Base */,
			);
			name = Main.storyboard;
			sourceTree = "<group>";
		};
/* End PBXVariantGroup section */

/* Begin XCBuildConfiguration section */
		A75A2EE3220FBBED00633A4E /* Debug */ = {
			isa = XCBuildConfiguration;
			buildSettings = {
				ALWAYS_SEARCH_USER_PATHS = NO;
				CLANG_ANALYZER_NONNULL = YES;
				CLANG_ANALYZER_NUMBER_OBJECT_CONVERSION = YES_AGGRESSIVE;
				CLANG_CXX_LANGUAGE_STANDARD = "gnu++14";
				CLANG_CXX_LIBRARY = "libc++";
				CLANG_ENABLE_MODULES = YES;
				CLANG_ENABLE_OBJC_ARC = YES;
				CLANG_ENABLE_OBJC_WEAK = YES;
				CLANG_WARN_BLOCK_CAPTURE_AUTORELEASING = YES;
				CLANG_WARN_BOOL_CONVERSION = YES;
				CLANG_WARN_COMMA = YES;
				CLANG_WARN_CONSTANT_CONVERSION = YES;
				CLANG_WARN_DEPRECATED_OBJC_IMPLEMENTATIONS = YES;
				CLANG_WARN_DIRECT_OBJC_ISA_USAGE = YES_ERROR;
				CLANG_WARN_DOCUMENTATION_COMMENTS = YES;
				CLANG_WARN_EMPTY_BODY = YES;
				CLANG_WARN_ENUM_CONVERSION = YES;
				CLANG_WARN_INFINITE_RECURSION = YES;
				CLANG_WARN_INT_CONVERSION = YES;
				CLANG_WARN_NON_LITERAL_NULL_CONVERSION = YES;
				CLANG_WARN_OBJC_IMPLICIT_RETAIN_SELF = YES;
				CLANG_WARN_OBJC_LITERAL_CONVERSION = YES;
				CLANG_WARN_OBJC_ROOT_CLASS = YES_ERROR;
				CLANG_WARN_RANGE_LOOP_ANALYSIS = YES;
				CLANG_WARN_STRICT_PROTOTYPES = YES;
				CLANG_WARN_SUSPICIOUS_MOVE = YES;
				CLANG_WARN_UNGUARDED_AVAILABILITY = YES_AGGRESSIVE;
				CLANG_WARN_UNREACHABLE_CODE = YES;
				CLANG_WARN__DUPLICATE_METHOD_MATCH = YES;
				CODE_SIGN_IDENTITY = "-";
				COPY_PHASE_STRIP = NO;
				DEBUG_INFORMATION_FORMAT = dwarf;
				ENABLE_STRICT_OBJC_MSGSEND = YES;
				ENABLE_TESTABILITY = YES;
				GCC_C_LANGUAGE_STANDARD = gnu11;
				GCC_DYNAMIC_NO_PIC = NO;
				GCC_NO_COMMON_BLOCKS = YES;
				GCC_OPTIMIZATION_LEVEL = 0;
				GCC_PREPROCESSOR_DEFINITIONS = (
					"DEBUG=1",
					"$(inherited)",
				);
				GCC_WARN_64_TO_32_BIT_CONVERSION = YES;
				GCC_WARN_ABOUT_RETURN_TYPE = YES_ERROR;
				GCC_WARN_UNDECLARED_SELECTOR = YES;
				GCC_WARN_UNINITIALIZED_AUTOS = YES_AGGRESSIVE;
				GCC_WARN_UNUSED_FUNCTION = YES;
				GCC_WARN_UNUSED_VARIABLE = YES;
				MACOSX_DEPLOYMENT_TARGET = 10.14;
				MTL_ENABLE_DEBUG_INFO = INCLUDE_SOURCE;
				MTL_FAST_MATH = YES;
				ONLY_ACTIVE_ARCH = YES;
				SDKROOT = macosx;
				SWIFT_ACTIVE_COMPILATION_CONDITIONS = DEBUG;
				SWIFT_OPTIMIZATION_LEVEL = "-Onone";
			};
			name = Debug;
		};
		A75A2EE4220FBBED00633A4E /* Release */ = {
			isa = XCBuildConfiguration;
			buildSettings = {
				ALWAYS_SEARCH_USER_PATHS = NO;
				CLANG_ANALYZER_NONNULL = YES;
				CLANG_ANALYZER_NUMBER_OBJECT_CONVERSION = YES_AGGRESSIVE;
				CLANG_CXX_LANGUAGE_STANDARD = "gnu++14";
				CLANG_CXX_LIBRARY = "libc++";
				CLANG_ENABLE_MODULES = YES;
				CLANG_ENABLE_OBJC_ARC = YES;
				CLANG_ENABLE_OBJC_WEAK = YES;
				CLANG_WARN_BLOCK_CAPTURE_AUTORELEASING = YES;
				CLANG_WARN_BOOL_CONVERSION = YES;
				CLANG_WARN_COMMA = YES;
				CLANG_WARN_CONSTANT_CONVERSION = YES;
				CLANG_WARN_DEPRECATED_OBJC_IMPLEMENTATIONS = YES;
				CLANG_WARN_DIRECT_OBJC_ISA_USAGE = YES_ERROR;
				CLANG_WARN_DOCUMENTATION_COMMENTS = YES;
				CLANG_WARN_EMPTY_BODY = YES;
				CLANG_WARN_ENUM_CONVERSION = YES;
				CLANG_WARN_INFINITE_RECURSION = YES;
				CLANG_WARN_INT_CONVERSION = YES;
				CLANG_WARN_NON_LITERAL_NULL_CONVERSION = YES;
				CLANG_WARN_OBJC_IMPLICIT_RETAIN_SELF = YES;
				CLANG_WARN_OBJC_LITERAL_CONVERSION = YES;
				CLANG_WARN_OBJC_ROOT_CLASS = YES_ERROR;
				CLANG_WARN_RANGE_LOOP_ANALYSIS = YES;
				CLANG_WARN_STRICT_PROTOTYPES = YES;
				CLANG_WARN_SUSPICIOUS_MOVE = YES;
				CLANG_WARN_UNGUARDED_AVAILABILITY = YES_AGGRESSIVE;
				CLANG_WARN_UNREACHABLE_CODE = YES;
				CLANG_WARN__DUPLICATE_METHOD_MATCH = YES;
				CODE_SIGN_IDENTITY = "-";
				COPY_PHASE_STRIP = NO;
				DEBUG_INFORMATION_FORMAT = "dwarf-with-dsym";
				ENABLE_NS_ASSERTIONS = NO;
				ENABLE_STRICT_OBJC_MSGSEND = YES;
				GCC_C_LANGUAGE_STANDARD = gnu11;
				GCC_NO_COMMON_BLOCKS = YES;
				GCC_WARN_64_TO_32_BIT_CONVERSION = YES;
				GCC_WARN_ABOUT_RETURN_TYPE = YES_ERROR;
				GCC_WARN_UNDECLARED_SELECTOR = YES;
				GCC_WARN_UNINITIALIZED_AUTOS = YES_AGGRESSIVE;
				GCC_WARN_UNUSED_FUNCTION = YES;
				GCC_WARN_UNUSED_VARIABLE = YES;
				MACOSX_DEPLOYMENT_TARGET = 10.14;
				MTL_ENABLE_DEBUG_INFO = NO;
				MTL_FAST_MATH = YES;
				SDKROOT = macosx;
				SWIFT_COMPILATION_MODE = wholemodule;
				SWIFT_OPTIMIZATION_LEVEL = "-O";
			};
			name = Release;
		};
		A75A2EE6220FBBED00633A4E /* Debug */ = {
			isa = XCBuildConfiguration;
			buildSettings = {
				ASSETCATALOG_COMPILER_APPICON_NAME = AppIcon;
				CODE_SIGN_ENTITLEMENTS = Mado/Mado.entitlements;
				CODE_SIGN_STYLE = Automatic;
				COMBINE_HIDPI_IMAGES = YES;
				FRAMEWORK_SEARCH_PATHS = (
					"$(inherited)",
					"$(PROJECT_DIR)/Carthage/Build/Mac",
				);
				INFOPLIST_FILE = Mado/Info.plist;
				LD_RUNPATH_SEARCH_PATHS = (
					"$(inherited)",
					"@executable_path/../Frameworks",
				);
				PRODUCT_BUNDLE_IDENTIFIER = com.reneklacan.Mado;
				PRODUCT_NAME = "$(TARGET_NAME)";
				SWIFT_VERSION = 4.2;
			};
			name = Debug;
		};
		A75A2EE7220FBBED00633A4E /* Release */ = {
			isa = XCBuildConfiguration;
			buildSettings = {
				ASSETCATALOG_COMPILER_APPICON_NAME = AppIcon;
				CODE_SIGN_ENTITLEMENTS = Mado/Mado.entitlements;
				CODE_SIGN_STYLE = Automatic;
				COMBINE_HIDPI_IMAGES = YES;
				FRAMEWORK_SEARCH_PATHS = (
					"$(inherited)",
					"$(PROJECT_DIR)/Carthage/Build/Mac",
				);
				INFOPLIST_FILE = Mado/Info.plist;
				LD_RUNPATH_SEARCH_PATHS = (
					"$(inherited)",
					"@executable_path/../Frameworks",
				);
				PRODUCT_BUNDLE_IDENTIFIER = com.reneklacan.Mado;
				PRODUCT_NAME = "$(TARGET_NAME)";
				SWIFT_VERSION = 4.2;
			};
			name = Release;
		};
		A75A2EE9220FBBED00633A4E /* Debug */ = {
			isa = XCBuildConfiguration;
			buildSettings = {
				ALWAYS_EMBED_SWIFT_STANDARD_LIBRARIES = YES;
				BUNDLE_LOADER = "$(TEST_HOST)";
				CODE_SIGN_STYLE = Automatic;
				COMBINE_HIDPI_IMAGES = YES;
				INFOPLIST_FILE = MadoTests/Info.plist;
				LD_RUNPATH_SEARCH_PATHS = (
					"$(inherited)",
					"@executable_path/../Frameworks",
					"@loader_path/../Frameworks",
				);
				PRODUCT_BUNDLE_IDENTIFIER = com.reneklacan.MadoTests;
				PRODUCT_NAME = "$(TARGET_NAME)";
				SWIFT_VERSION = 4.2;
				TEST_HOST = "$(BUILT_PRODUCTS_DIR)/Mado.app/Contents/MacOS/Mado";
			};
			name = Debug;
		};
		A75A2EEA220FBBED00633A4E /* Release */ = {
			isa = XCBuildConfiguration;
			buildSettings = {
				ALWAYS_EMBED_SWIFT_STANDARD_LIBRARIES = YES;
				BUNDLE_LOADER = "$(TEST_HOST)";
				CODE_SIGN_STYLE = Automatic;
				COMBINE_HIDPI_IMAGES = YES;
				INFOPLIST_FILE = MadoTests/Info.plist;
				LD_RUNPATH_SEARCH_PATHS = (
					"$(inherited)",
					"@executable_path/../Frameworks",
					"@loader_path/../Frameworks",
				);
				PRODUCT_BUNDLE_IDENTIFIER = com.reneklacan.MadoTests;
				PRODUCT_NAME = "$(TARGET_NAME)";
				SWIFT_VERSION = 4.2;
				TEST_HOST = "$(BUILT_PRODUCTS_DIR)/Mado.app/Contents/MacOS/Mado";
			};
			name = Release;
		};
		A75A2EEC220FBBED00633A4E /* Debug */ = {
			isa = XCBuildConfiguration;
			buildSettings = {
				ALWAYS_EMBED_SWIFT_STANDARD_LIBRARIES = YES;
				CODE_SIGN_STYLE = Automatic;
				COMBINE_HIDPI_IMAGES = YES;
				INFOPLIST_FILE = MadoUITests/Info.plist;
				LD_RUNPATH_SEARCH_PATHS = (
					"$(inherited)",
					"@executable_path/../Frameworks",
					"@loader_path/../Frameworks",
				);
				PRODUCT_BUNDLE_IDENTIFIER = com.reneklacan.MadoUITests;
				PRODUCT_NAME = "$(TARGET_NAME)";
				SWIFT_VERSION = 4.2;
				TEST_TARGET_NAME = Mado;
			};
			name = Debug;
		};
		A75A2EED220FBBED00633A4E /* Release */ = {
			isa = XCBuildConfiguration;
			buildSettings = {
				ALWAYS_EMBED_SWIFT_STANDARD_LIBRARIES = YES;
				CODE_SIGN_STYLE = Automatic;
				COMBINE_HIDPI_IMAGES = YES;
				INFOPLIST_FILE = MadoUITests/Info.plist;
				LD_RUNPATH_SEARCH_PATHS = (
					"$(inherited)",
					"@executable_path/../Frameworks",
					"@loader_path/../Frameworks",
				);
				PRODUCT_BUNDLE_IDENTIFIER = com.reneklacan.MadoUITests;
				PRODUCT_NAME = "$(TARGET_NAME)";
				SWIFT_VERSION = 4.2;
				TEST_TARGET_NAME = Mado;
			};
			name = Release;
		};
/* End XCBuildConfiguration section */

/* Begin XCConfigurationList section */
		A75A2EBA220FBBEB00633A4E /* Build configuration list for PBXProject "Mado" */ = {
			isa = XCConfigurationList;
			buildConfigurations = (
				A75A2EE3220FBBED00633A4E /* Debug */,
				A75A2EE4220FBBED00633A4E /* Release */,
			);
			defaultConfigurationIsVisible = 0;
			defaultConfigurationName = Release;
		};
		A75A2EE5220FBBED00633A4E /* Build configuration list for PBXNativeTarget "Mado" */ = {
			isa = XCConfigurationList;
			buildConfigurations = (
				A75A2EE6220FBBED00633A4E /* Debug */,
				A75A2EE7220FBBED00633A4E /* Release */,
			);
			defaultConfigurationIsVisible = 0;
			defaultConfigurationName = Release;
		};
		A75A2EE8220FBBED00633A4E /* Build configuration list for PBXNativeTarget "MadoTests" */ = {
			isa = XCConfigurationList;
			buildConfigurations = (
				A75A2EE9220FBBED00633A4E /* Debug */,
				A75A2EEA220FBBED00633A4E /* Release */,
			);
			defaultConfigurationIsVisible = 0;
			defaultConfigurationName = Release;
		};
		A75A2EEB220FBBED00633A4E /* Build configuration list for PBXNativeTarget "MadoUITests" */ = {
			isa = XCConfigurationList;
			buildConfigurations = (
				A75A2EEC220FBBED00633A4E /* Debug */,
				A75A2EED220FBBED00633A4E /* Release */,
			);
			defaultConfigurationIsVisible = 0;
			defaultConfigurationName = Release;
		};
/* End XCConfigurationList section */
	};
	rootObject = A75A2EB7220FBBEB00633A4E /* Project object */;
}
